// !$*UTF8*$!
{
	archiveVersion = 1;
	classes = {
	};
	objectVersion = 56;
	objects = {

/* Begin PBXBuildFile section */
		790850902A9DD8640051FA3E /* AddSheetView.swift in Sources */ = {isa = PBXBuildFile; fileRef = 7908508F2A9DD8640051FA3E /* AddSheetView.swift */; };
		7980ACF82A7CDEFF0042B00F /* DreamJournalApp.swift in Sources */ = {isa = PBXBuildFile; fileRef = 7980ACF72A7CDEFF0042B00F /* DreamJournalApp.swift */; };
		7980ACFA2A7CDEFF0042B00F /* ContentView.swift in Sources */ = {isa = PBXBuildFile; fileRef = 7980ACF92A7CDEFF0042B00F /* ContentView.swift */; };
		7980ACFC2A7CDF000042B00F /* Assets.xcassets in Resources */ = {isa = PBXBuildFile; fileRef = 7980ACFB2A7CDF000042B00F /* Assets.xcassets */; };
		7980ACFF2A7CDF000042B00F /* Preview Assets.xcassets in Resources */ = {isa = PBXBuildFile; fileRef = 7980ACFE2A7CDF000042B00F /* Preview Assets.xcassets */; };
		799671F92A7CE2E900623C96 /* SettingsView.swift in Sources */ = {isa = PBXBuildFile; fileRef = 799671F82A7CE2E900623C96 /* SettingsView.swift */; };
		79DE82842AA45AF6000EC2D1 /* DreamView.swift in Sources */ = {isa = PBXBuildFile; fileRef = 79DE82832AA45AF6000EC2D1 /* DreamView.swift */; };
/* End PBXBuildFile section */

/* Begin PBXFileReference section */
		7908508F2A9DD8640051FA3E /* AddSheetView.swift */ = {isa = PBXFileReference; lastKnownFileType = sourcecode.swift; path = AddSheetView.swift; sourceTree = "<group>"; };
		7980ACF42A7CDEFF0042B00F /* DreamJournal.app */ = {isa = PBXFileReference; explicitFileType = wrapper.application; includeInIndex = 0; path = DreamJournal.app; sourceTree = BUILT_PRODUCTS_DIR; };
		7980ACF72A7CDEFF0042B00F /* DreamJournalApp.swift */ = {isa = PBXFileReference; lastKnownFileType = sourcecode.swift; path = DreamJournalApp.swift; sourceTree = "<group>"; };
		7980ACF92A7CDEFF0042B00F /* ContentView.swift */ = {isa = PBXFileReference; lastKnownFileType = sourcecode.swift; path = ContentView.swift; sourceTree = "<group>"; };
		7980ACFB2A7CDF000042B00F /* Assets.xcassets */ = {isa = PBXFileReference; lastKnownFileType = folder.assetcatalog; path = Assets.xcassets; sourceTree = "<group>"; };
		7980ACFE2A7CDF000042B00F /* Preview Assets.xcassets */ = {isa = PBXFileReference; lastKnownFileType = folder.assetcatalog; path = "Preview Assets.xcassets"; sourceTree = "<group>"; };
		799671F82A7CE2E900623C96 /* SettingsView.swift */ = {isa = PBXFileReference; lastKnownFileType = sourcecode.swift; path = SettingsView.swift; sourceTree = "<group>"; };
		79DE82832AA45AF6000EC2D1 /* DreamView.swift */ = {isa = PBXFileReference; lastKnownFileType = sourcecode.swift; path = DreamView.swift; sourceTree = "<group>"; };
/* End PBXFileReference section */

/* Begin PBXFrameworksBuildPhase section */
		7980ACF12A7CDEFF0042B00F /* Frameworks */ = {
			isa = PBXFrameworksBuildPhase;
			buildActionMask = 2147483647;
			files = (
			);
			runOnlyForDeploymentPostprocessing = 0;
		};
/* End PBXFrameworksBuildPhase section */

/* Begin PBXGroup section */
		7980ACEB2A7CDEFF0042B00F = {
			isa = PBXGroup;
			children = (
				7980ACF62A7CDEFF0042B00F /* DreamJournal */,
				7980ACF52A7CDEFF0042B00F /* Products */,
			);
			sourceTree = "<group>";
		};
		7980ACF52A7CDEFF0042B00F /* Products */ = {
			isa = PBXGroup;
			children = (
				7980ACF42A7CDEFF0042B00F /* DreamJournal.app */,
			);
			name = Products;
			sourceTree = "<group>";
		};
		7980ACF62A7CDEFF0042B00F /* DreamJournal */ = {
			isa = PBXGroup;
			children = (
				7980ACF72A7CDEFF0042B00F /* DreamJournalApp.swift */,
				7980ACF92A7CDEFF0042B00F /* ContentView.swift */,
				79DE82832AA45AF6000EC2D1 /* DreamView.swift */,
				7908508F2A9DD8640051FA3E /* AddSheetView.swift */,
				799671F82A7CE2E900623C96 /* SettingsView.swift */,
				7980ACFB2A7CDF000042B00F /* Assets.xcassets */,
				7980ACFD2A7CDF000042B00F /* Preview Content */,
			);
			path = DreamJournal;
			sourceTree = "<group>";
		};
		7980ACFD2A7CDF000042B00F /* Preview Content */ = {
			isa = PBXGroup;
			children = (
				7980ACFE2A7CDF000042B00F /* Preview Assets.xcassets */,
			);
			path = "Preview Content";
			sourceTree = "<group>";
		};
/* End PBXGroup section */

/* Begin PBXNativeTarget section */
		7980ACF32A7CDEFF0042B00F /* DreamJournal */ = {
			isa = PBXNativeTarget;
			buildConfigurationList = 7980AD022A7CDF000042B00F /* Build configuration list for PBXNativeTarget "DreamJournal" */;
			buildPhases = (
				7980ACF02A7CDEFF0042B00F /* Sources */,
				7980ACF12A7CDEFF0042B00F /* Frameworks */,
				7980ACF22A7CDEFF0042B00F /* Resources */,
			);
			buildRules = (
			);
			dependencies = (
			);
			name = DreamJournal;
			productName = DreamJournal;
			productReference = 7980ACF42A7CDEFF0042B00F /* DreamJournal.app */;
			productType = "com.apple.product-type.application";
		};
/* End PBXNativeTarget section */

/* Begin PBXProject section */
		7980ACEC2A7CDEFF0042B00F /* Project object */ = {
			isa = PBXProject;
			attributes = {
				BuildIndependentTargetsInParallel = 1;
				LastSwiftUpdateCheck = 1430;
				LastUpgradeCheck = 1430;
				TargetAttributes = {
					7980ACF32A7CDEFF0042B00F = {
						CreatedOnToolsVersion = 14.3.1;
					};
				};
			};
			buildConfigurationList = 7980ACEF2A7CDEFF0042B00F /* Build configuration list for PBXProject "DreamJournal" */;
			compatibilityVersion = "Xcode 14.0";
			developmentRegion = en;
			hasScannedForEncodings = 0;
			knownRegions = (
				en,
				Base,
			);
			mainGroup = 7980ACEB2A7CDEFF0042B00F;
			productRefGroup = 7980ACF52A7CDEFF0042B00F /* Products */;
			projectDirPath = "";
			projectRoot = "";
			targets = (
				7980ACF32A7CDEFF0042B00F /* DreamJournal */,
			);
		};
/* End PBXProject section */

/* Begin PBXResourcesBuildPhase section */
		7980ACF22A7CDEFF0042B00F /* Resources */ = {
			isa = PBXResourcesBuildPhase;
			buildActionMask = 2147483647;
			files = (
				7980ACFF2A7CDF000042B00F /* Preview Assets.xcassets in Resources */,
				7980ACFC2A7CDF000042B00F /* Assets.xcassets in Resources */,
			);
			runOnlyForDeploymentPostprocessing = 0;
		};
/* End PBXResourcesBuildPhase section */

/* Begin PBXSourcesBuildPhase section */
		7980ACF02A7CDEFF0042B00F /* Sources */ = {
			isa = PBXSourcesBuildPhase;
			buildActionMask = 2147483647;
			files = (
				79DE82842AA45AF6000EC2D1 /* DreamView.swift in Sources */,
				799671F92A7CE2E900623C96 /* SettingsView.swift in Sources */,
				7980ACFA2A7CDEFF0042B00F /* ContentView.swift in Sources */,
				790850902A9DD8640051FA3E /* AddSheetView.swift in Sources */,
				7980ACF82A7CDEFF0042B00F /* DreamJournalApp.swift in Sources */,
			);
			runOnlyForDeploymentPostprocessing = 0;
		};
/* End PBXSourcesBuildPhase section */

/* Begin XCBuildConfiguration section */
		7980AD002A7CDF000042B00F /* Debug */ = {
			isa = XCBuildConfiguration;
			buildSettings = {
				ALWAYS_SEARCH_USER_PATHS = NO;
				CLANG_ANALYZER_NONNULL = YES;
				CLANG_ANALYZER_NUMBER_OBJECT_CONVERSION = YES_AGGRESSIVE;
				CLANG_CXX_LANGUAGE_STANDARD = "gnu++20";
				CLANG_ENABLE_MODULES = YES;
				CLANG_ENABLE_OBJC_ARC = YES;
				CLANG_ENABLE_OBJC_WEAK = YES;
				CLANG_WARN_BLOCK_CAPTURE_AUTORELEASING = YES;
				CLANG_WARN_BOOL_CONVERSION = YES;
				CLANG_WARN_COMMA = YES;
				CLANG_WARN_CONSTANT_CONVERSION = YES;
				CLANG_WARN_DEPRECATED_OBJC_IMPLEMENTATIONS = YES;
				CLANG_WARN_DIRECT_OBJC_ISA_USAGE = YES_ERROR;
				CLANG_WARN_DOCUMENTATION_COMMENTS = YES;
				CLANG_WARN_EMPTY_BODY = YES;
				CLANG_WARN_ENUM_CONVERSION = YES;
				CLANG_WARN_INFINITE_RECURSION = YES;
				CLANG_WARN_INT_CONVERSION = YES;
				CLANG_WARN_NON_LITERAL_NULL_CONVERSION = YES;
				CLANG_WARN_OBJC_IMPLICIT_RETAIN_SELF = YES;
				CLANG_WARN_OBJC_LITERAL_CONVERSION = YES;
				CLANG_WARN_OBJC_ROOT_CLASS = YES_ERROR;
				CLANG_WARN_QUOTED_INCLUDE_IN_FRAMEWORK_HEADER = YES;
				CLANG_WARN_RANGE_LOOP_ANALYSIS = YES;
				CLANG_WARN_STRICT_PROTOTYPES = YES;
				CLANG_WARN_SUSPICIOUS_MOVE = YES;
				CLANG_WARN_UNGUARDED_AVAILABILITY = YES_AGGRESSIVE;
				CLANG_WARN_UNREACHABLE_CODE = YES;
				CLANG_WARN__DUPLICATE_METHOD_MATCH = YES;
				COPY_PHASE_STRIP = NO;
				DEBUG_INFORMATION_FORMAT = dwarf;
				ENABLE_STRICT_OBJC_MSGSEND = YES;
				ENABLE_TESTABILITY = YES;
				GCC_C_LANGUAGE_STANDARD = gnu11;
				GCC_DYNAMIC_NO_PIC = NO;
				GCC_NO_COMMON_BLOCKS = YES;
				GCC_OPTIMIZATION_LEVEL = 0;
				GCC_PREPROCESSOR_DEFINITIONS = (
					"DEBUG=1",
					"$(inherited)",
				);
				GCC_WARN_64_TO_32_BIT_CONVERSION = YES;
				GCC_WARN_ABOUT_RETURN_TYPE = YES_ERROR;
				GCC_WARN_UNDECLARED_SELECTOR = YES;
				GCC_WARN_UNINITIALIZED_AUTOS = YES_AGGRESSIVE;
				GCC_WARN_UNUSED_FUNCTION = YES;
				GCC_WARN_UNUSED_VARIABLE = YES;
				IPHONEOS_DEPLOYMENT_TARGET = 16.4;
				MTL_ENABLE_DEBUG_INFO = INCLUDE_SOURCE;
				MTL_FAST_MATH = YES;
				ONLY_ACTIVE_ARCH = YES;
				SDKROOT = iphoneos;
				SWIFT_ACTIVE_COMPILATION_CONDITIONS = DEBUG;
				SWIFT_OPTIMIZATION_LEVEL = "-Onone";
			};
			name = Debug;
		};
		7980AD012A7CDF000042B00F /* Release */ = {
			isa = XCBuildConfiguration;
			buildSettings = {
				ALWAYS_SEARCH_USER_PATHS = NO;
				CLANG_ANALYZER_NONNULL = YES;
				CLANG_ANALYZER_NUMBER_OBJECT_CONVERSION = YES_AGGRESSIVE;
				CLANG_CXX_LANGUAGE_STANDARD = "gnu++20";
				CLANG_ENABLE_MODULES = YES;
				CLANG_ENABLE_OBJC_ARC = YES;
				CLANG_ENABLE_OBJC_WEAK = YES;
				CLANG_WARN_BLOCK_CAPTURE_AUTORELEASING = YES;
				CLANG_WARN_BOOL_CONVERSION = YES;
				CLANG_WARN_COMMA = YES;
				CLANG_WARN_CONSTANT_CONVERSION = YES;
				CLANG_WARN_DEPRECATED_OBJC_IMPLEMENTATIONS = YES;
				CLANG_WARN_DIRECT_OBJC_ISA_USAGE = YES_ERROR;
				CLANG_WARN_DOCUMENTATION_COMMENTS = YES;
				CLANG_WARN_EMPTY_BODY = YES;
				CLANG_WARN_ENUM_CONVERSION = YES;
				CLANG_WARN_INFINITE_RECURSION = YES;
				CLANG_WARN_INT_CONVERSION = YES;
				CLANG_WARN_NON_LITERAL_NULL_CONVERSION = YES;
				CLANG_WARN_OBJC_IMPLICIT_RETAIN_SELF = YES;
				CLANG_WARN_OBJC_LITERAL_CONVERSION = YES;
				CLANG_WARN_OBJC_ROOT_CLASS = YES_ERROR;
				CLANG_WARN_QUOTED_INCLUDE_IN_FRAMEWORK_HEADER = YES;
				CLANG_WARN_RANGE_LOOP_ANALYSIS = YES;
				CLANG_WARN_STRICT_PROTOTYPES = YES;
				CLANG_WARN_SUSPICIOUS_MOVE = YES;
				CLANG_WARN_UNGUARDED_AVAILABILITY = YES_AGGRESSIVE;
				CLANG_WARN_UNREACHABLE_CODE = YES;
				CLANG_WARN__DUPLICATE_METHOD_MATCH = YES;
				COPY_PHASE_STRIP = NO;
				DEBUG_INFORMATION_FORMAT = "dwarf-with-dsym";
				ENABLE_NS_ASSERTIONS = NO;
				ENABLE_STRICT_OBJC_MSGSEND = YES;
				GCC_C_LANGUAGE_STANDARD = gnu11;
				GCC_NO_COMMON_BLOCKS = YES;
				GCC_WARN_64_TO_32_BIT_CONVERSION = YES;
				GCC_WARN_ABOUT_RETURN_TYPE = YES_ERROR;
				GCC_WARN_UNDECLARED_SELECTOR = YES;
				GCC_WARN_UNINITIALIZED_AUTOS = YES_AGGRESSIVE;
				GCC_WARN_UNUSED_FUNCTION = YES;
				GCC_WARN_UNUSED_VARIABLE = YES;
				IPHONEOS_DEPLOYMENT_TARGET = 16.4;
				MTL_ENABLE_DEBUG_INFO = NO;
				MTL_FAST_MATH = YES;
				SDKROOT = iphoneos;
				SWIFT_COMPILATION_MODE = wholemodule;
				SWIFT_OPTIMIZATION_LEVEL = "-O";
				VALIDATE_PRODUCT = YES;
			};
			name = Release;
		};
		7980AD032A7CDF000042B00F /* Debug */ = {
			isa = XCBuildConfiguration;
			buildSettings = {
				ASSETCATALOG_COMPILER_APPICON_NAME = AppIcon;
				ASSETCATALOG_COMPILER_GLOBAL_ACCENT_COLOR_NAME = AccentColor;
				CODE_SIGN_STYLE = Automatic;
				CURRENT_PROJECT_VERSION = 1;
				DEVELOPMENT_ASSET_PATHS = "\"DreamJournal/Preview Content\"";
				ENABLE_PREVIEWS = YES;
				GENERATE_INFOPLIST_FILE = YES;
				INFOPLIST_KEY_UIApplicationSceneManifest_Generation = YES;
				INFOPLIST_KEY_UIApplicationSupportsIndirectInputEvents = YES;
				INFOPLIST_KEY_UILaunchScreen_Generation = YES;
				INFOPLIST_KEY_UISupportedInterfaceOrientations_iPad = "UIInterfaceOrientationPortrait UIInterfaceOrientationPortraitUpsideDown UIInterfaceOrientationLandscapeLeft UIInterfaceOrientationLandscapeRight";
				INFOPLIST_KEY_UISupportedInterfaceOrientations_iPhone = "UIInterfaceOrientationPortrait UIInterfaceOrientationLandscapeLeft UIInterfaceOrientationLandscapeRight";
				LD_RUNPATH_SEARCH_PATHS = (
					"$(inherited)",
					"@executable_path/Frameworks",
				);
				MARKETING_VERSION = 1.0;
				PRODUCT_BUNDLE_IDENTIFIER = me.rowley.chris.DreamJournal;
				PRODUCT_NAME = "$(TARGET_NAME)";
				SWIFT_EMIT_LOC_STRINGS = YES;
				SWIFT_VERSION = 5.0;
				TARGETED_DEVICE_FAMILY = "1,2";
			};
			name = Debug;
		};
		7980AD042A7CDF000042B00F /* Release */ = {
			isa = XCBuildConfiguration;
			buildSettings = {
				ASSETCATALOG_COMPILER_APPICON_NAME = AppIcon;
				ASSETCATALOG_COMPILER_GLOBAL_ACCENT_COLOR_NAME = AccentColor;
				CODE_SIGN_STYLE = Automatic;
				CURRENT_PROJECT_VERSION = 1;
				DEVELOPMENT_ASSET_PATHS = "\"DreamJournal/Preview Content\"";
				ENABLE_PREVIEWS = YES;
				GENERATE_INFOPLIST_FILE = YES;
				INFOPLIST_KEY_UIApplicationSceneManifest_Generation = YES;
				INFOPLIST_KEY_UIApplicationSupportsIndirectInputEvents = YES;
				INFOPLIST_KEY_UILaunchScreen_Generation = YES;
				INFOPLIST_KEY_UISupportedInterfaceOrientations_iPad = "UIInterfaceOrientationPortrait UIInterfaceOrientationPortraitUpsideDown UIInterfaceOrientationLandscapeLeft UIInterfaceOrientationLandscapeRight";
				INFOPLIST_KEY_UISupportedInterfaceOrientations_iPhone = "UIInterfaceOrientationPortrait UIInterfaceOrientationLandscapeLeft UIInterfaceOrientationLandscapeRight";
				LD_RUNPATH_SEARCH_PATHS = (
					"$(inherited)",
					"@executable_path/Frameworks",
				);
				MARKETING_VERSION = 1.0;
				PRODUCT_BUNDLE_IDENTIFIER = me.rowley.chris.DreamJournal;
				PRODUCT_NAME = "$(TARGET_NAME)";
				SWIFT_EMIT_LOC_STRINGS = YES;
				SWIFT_VERSION = 5.0;
				TARGETED_DEVICE_FAMILY = "1,2";
			};
			name = Release;
		};
/* End XCBuildConfiguration section */

/* Begin XCConfigurationList section */
		7980ACEF2A7CDEFF0042B00F /* Build configuration list for PBXProject "DreamJournal" */ = {
			isa = XCConfigurationList;
			buildConfigurations = (
				7980AD002A7CDF000042B00F /* Debug */,
				7980AD012A7CDF000042B00F /* Release */,
			);
			defaultConfigurationIsVisible = 0;
			defaultConfigurationName = Release;
		};
		7980AD022A7CDF000042B00F /* Build configuration list for PBXNativeTarget "DreamJournal" */ = {
			isa = XCConfigurationList;
			buildConfigurations = (
				7980AD032A7CDF000042B00F /* Debug */,
				7980AD042A7CDF000042B00F /* Release */,
			);
			defaultConfigurationIsVisible = 0;
			defaultConfigurationName = Release;
		};
/* End XCConfigurationList section */
	};
	rootObject = 7980ACEC2A7CDEFF0042B00F /* Project object */;
}
